{
  "name": "@goulin/launchpad-cli",
  "version": "0.1.4",
  "lockfileVersion": 3,
  "requires": true,
  "packages": {
    "": {
      "name": "@goulin/launchpad-cli",
      "version": "0.1.4",
      "license": "GPL-3.0-or-later",
      "bin": {
        "launchpad-cli": "npm/cli.mjs",
        "lp": "npm/lp.mjs",
        "lpcli": "npm/lpcli.mjs"
      },
      "devDependencies": {
        "@canonical/launchpad-openapi": "0.0.4",
        "yaml": "2.9.1"
      },
      "engines": {
        "node": ">=24"
      }
    },
    "node_modules/@canonical/launchpad-openapi": {
      "version": "0.0.4",
      "resolved": "https://registry.npmjs.org/@canonical/launchpad-openapi/-/launchpad-openapi-0.0.4.tgz",
      "integrity": "sha512-e8slHl6t4je8sOK63WEyqkUX5KMnray7s55htpBBYdgd8z5dcgf3vkmTfHslHndAmQPIywbpJlOqCll0fs4hAg==",
      "dev": true,
      "license": "LGPL-3.0-only",
      "dependencies": {
        "@rgrove/parse-xml": "^4.2.3",
        "better-result": "^3.0.1",
        "commander": "^15.0.0",
        "yaml": "^2.9.0",
        "zod": "^4.4.3"
      },
      "bin": {
        "launchpad-openapi": "dist/index.js"
      },
      "engines": {
        "node": ">=24"
      }
    },
    "node_modules/@rgrove/parse-xml": {
      "version": "4.2.3",
      "resolved": "https://registry.npmjs.org/@rgrove/parse-xml/-/parse-xml-4.2.3.tgz",
      "integrity": "sha512-Jhlb+0zYez1T1yXUQs3F1qAtFuJljBVNdy9TKmLDauAXkxsOXopKYOyQ5Wm6SvP3fycav0GviX4Y15WWhGetMw==",
      "dev": true,
      "license": "ISC",
      "engines": {
        "node": ">=14.0.0"
      }
    },
    "node_modules/better-result": {
      "version": "3.0.1",
      "resolved": "https://registry.npmjs.org/better-result/-/better-result-3.0.1.tgz",
      "integrity": "sha512-rnCeqEXkKPHmz5MO5ZroPRDyHe4YvlNPyy7qj8cVcWs/GnvSvC3086G74/220W+wWcIWlXgzvcjskFV0A4blUQ==",
      "dev": true,
      "license": "MIT"
    },
    "node_modules/commander": {
      "version": "15.0.0",
      "resolved": "https://registry.npmjs.org/commander/-/commander-15.0.0.tgz",
      "integrity": "sha512-z67u4ZhzCL/Tydu1lJARtEZYWbWaN7oYLHbsuzocr6y4N6WZAagG3RQ4FW61V1/0+jImpj293XfrcYnd1qxtPg==",
      "dev": true,
      "license": "MIT",
      "engines": {
        "node": ">=22.12.0"
      }
    },
    "node_modules/yaml": {
      "version": "2.9.1",
      "resolved": "https://registry.npmjs.org/yaml/-/yaml-2.9.1.tgz",
      "integrity": "sha512-3NxN8+78OdzbT7C/WjGsyfPAtJaN3FNDsWxv7Y7mcDsT/oOmgW8BpyQQFFBnvZE3j9Y2Sdz1ULFLezL7Eb2yFw==",
      "dev": true,
      "license": "ISC",
      "bin": {
        "yaml": "bin.mjs"
      },
      "engines": {
        "node": ">= 14.6"
      },
      "funding": {
        "url": "https://github.com/sponsors/eemeli"
      }
    },
    "node_modules/zod": {
      "version": "4.6.5",
      "resolved": "https://registry.npmjs.org/zod/-/zod-4.6.5.tgz",
      "integrity": "sha512-v5l/aFXZQeai4awLbOpSoHecE9UiMrnfx75tEXLjNonXVARxQ5mOeipTjROUchszUNCqnE+hqAMujRsRHsut2Q==",
      "dev": true,
      "license": "MIT",
      "funding": {
        "url": "https://github.com/sponsors/colinhacks"
      }
    }
  }
}
